
Microsoft Visual Studio Solution File, Format Version 12.00
# Visual Studio Version 16
VisualStudioVersion = 16.0.29806.167
MinimumVisualStudioVersion = 10.0.40219.1
Project("{9A19103F-16F7-4668-BE54-9A1E7A4F7556}") = "01. Diagonal Difference", "1. Diagonal Difference\01. Diagonal Difference.csproj", "{69FB3FC8-DD3A-4164-BE64-09DD0674390C}"
EndProject
Project("{9A19103F-16F7-4668-BE54-9A1E7A4F7556}") = "02. Squares in Matrix", "02. Squares in Matrix\02. Squares in Matrix.csproj", "{C0E2ED31-5704-411B-B1A2-1E2281311B3D}"
EndProject
Project("{9A19103F-16F7-4668-BE54-9A1E7A4F7556}") = "03. Maximal Sum", "03. Maximal Sum\03. Maximal Sum.csproj", "{A95258EA-94B5-4AC8-9C8F-87FA014B8A9C}"
EndProject
Project("{9A19103F-16F7-4668-BE54-9A1E7A4F7556}") = "04. Matrix Shuffling", "04. Matrix Shuffling\04. Matrix Shuffling.csproj", "{F008D287-4D80-4B36-893C-AB802E7B3422}"
EndProject
Project("{FAE04EC0-301F-11D3-BF4B-00C04F79EFBC}") = "05. Snake Moves", "05. Snake Moves\05. Snake Moves.csproj", "{9318B72B-D0C2-4F89-A51D-21CA6B294D9A}"
EndProject
Project("{FAE04EC0-301F-11D3-BF4B-00C04F79EFBC}") = "06. Jagged Array Manipulator", "06. Jagged Array Manipulator\06. Jagged Array Manipulator.csproj", "{7DBB3D25-AFA6-4580-87CE-6470627B06B1}"
EndProject
Project("{FAE04EC0-301F-11D3-BF4B-00C04F79EFBC}") = "07. Knight Game", "07. Knight Game\07. Knight Game.csproj", "{DD12F35C-2EA3-409E-813D-1413F404DC1A}"
EndProject
Global
	GlobalSection(SolutionConfigurationPlatforms) = preSolution
		Debug|Any CPU = Debug|Any CPU
		Release|Any CPU = Release|Any CPU
	EndGlobalSection
	GlobalSection(ProjectConfigurationPlatforms) = postSolution
		{69FB3FC8-DD3A-4164-BE64-09DD0674390C}.Debug|Any CPU.ActiveCfg = Debug|Any CPU
		{69FB3FC8-DD3A-4164-BE64-09DD0674390C}.Debug|Any CPU.Build.0 = Debug|Any CPU
		{69FB3FC8-DD3A-4164-BE64-09DD0674390C}.Release|Any CPU.ActiveCfg = Release|Any CPU
		{69FB3FC8-DD3A-4164-BE64-09DD0674390C}.Release|Any CPU.Build.0 = Release|Any CPU
		{C0E2ED31-5704-411B-B1A2-1E2281311B3D}.Debug|Any CPU.ActiveCfg = Debug|Any CPU
		{C0E2ED31-5704-411B-B1A2-1E2281311B3D}.Debug|Any CPU.Build.0 = Debug|Any CPU
		{C0E2ED31-5704-411B-B1A2-1E2281311B3D}.Release|Any CPU.ActiveCfg = Release|Any CPU
		{C0E2ED31-5704-411B-B1A2-1E2281311B3D}.Release|Any CPU.Build.0 = Release|Any CPU
		{A95258EA-94B5-4AC8-9C8F-87FA014B8A9C}.Debug|Any CPU.ActiveCfg = Debug|Any CPU
		{A95258EA-94B5-4AC8-9C8F-87FA014B8A9C}.Debug|Any CPU.Build.0 = Debug|Any CPU
		{A95258EA-94B5-4AC8-9C8F-87FA014B8A9C}.Release|Any CPU.ActiveCfg = Release|Any CPU
		{A95258EA-94B5-4AC8-9C8F-87FA014B8A9C}.Release|Any CPU.Build.0 = Release|Any CPU
		{F008D287-4D80-4B36-893C-AB802E7B3422}.Debug|Any CPU.ActiveCfg = Debug|Any CPU
		{F008D287-4D80-4B36-893C-AB802E7B3422}.Debug|Any CPU.Build.0 = Debug|Any CPU
		{F008D287-4D80-4B36-893C-AB802E7B3422}.Release|Any CPU.ActiveCfg = Release|Any CPU
		{F008D287-4D80-4B36-893C-AB802E7B3422}.Release|Any CPU.Build.0 = Release|Any CPU
		{9318B72B-D0C2-4F89-A51D-21CA6B294D9A}.Debug|Any CPU.ActiveCfg = Debug|Any CPU
		{9318B72B-D0C2-4F89-A51D-21CA6B294D9A}.Debug|Any CPU.Build.0 = Debug|Any CPU
		{9318B72B-D0C2-4F89-A51D-21CA6B294D9A}.Release|Any CPU.ActiveCfg = Release|Any CPU
		{9318B72B-D0C2-4F89-A51D-21CA6B294D9A}.Release|Any CPU.Build.0 = Release|Any CPU
		{7DBB3D25-AFA6-4580-87CE-6470627B06B1}.Debug|Any CPU.ActiveCfg = Debug|Any CPU
		{7DBB3D25-AFA6-4580-87CE-6470627B06B1}.Debug|Any CPU.Build.0 = Debug|Any CPU
		{7DBB3D25-AFA6-4580-87CE-6470627B06B1}.Release|Any CPU.ActiveCfg = Release|Any CPU
		{7DBB3D25-AFA6-4580-87CE-6470627B06B1}.Release|Any CPU.Build.0 = Release|Any CPU
		{DD12F35C-2EA3-409E-813D-1413F404DC1A}.Debug|Any CPU.ActiveCfg = Debug|Any CPU
		{DD12F35C-2EA3-409E-813D-1413F404DC1A}.Debug|Any CPU.Build.0 = Debug|Any CPU
		{DD12F35C-2EA3-409E-813D-1413F404DC1A}.Release|Any CPU.ActiveCfg = Release|Any CPU
		{DD12F35C-2EA3-409E-813D-1413F404DC1A}.Release|Any CPU.Build.0 = Release|Any CPU
	EndGlobalSection
	GlobalSection(SolutionProperties) = preSolution
		HideSolutionNode = FALSE
	EndGlobalSection
	GlobalSection(ExtensibilityGlobals) = postSolution
		SolutionGuid = {C0C4260E-FB29-42F4-ADAE-09D5776EAF2C}
	EndGlobalSection
EndGlobal
