
Microsoft Visual Studio Solution File, Format Version 12.00
# Visual Studio Version 17
VisualStudioVersion = 17.3.32922.545
MinimumVisualStudioVersion = 10.0.40219.1
Project("{FAE04EC0-301F-11D3-BF4B-00C04F79EFBC}") = "01.StudentInformation", "01.StudentInformation\01.StudentInformation.csproj", "{349CF6E9-1DA6-4477-A289-4670C4F0B547}"
EndProject
Project("{FAE04EC0-301F-11D3-BF4B-00C04F79EFBC}") = "02.Passed", "02.Passed\02.Passed.csproj", "{0C21D4DA-576A-468A-A357-24EF83DFED0D}"
EndProject
Project("{FAE04EC0-301F-11D3-BF4B-00C04F79EFBC}") = "03.PassedOrFailed", "03.PassedOrFailed\03.PassedOrFailed.csproj", "{B020C1F0-0D8C-411F-AF1E-47CD89B2E83B}"
EndProject
Project("{FAE04EC0-301F-11D3-BF4B-00C04F79EFBC}") = "04.BackIn30Minutes", "04.BackIn30Minutes\04.BackIn30Minutes.csproj", "{CAEEFE3D-0495-4BCC-BD65-BB34099281A7}"
EndProject
Project("{FAE04EC0-301F-11D3-BF4B-00C04F79EFBC}") = "05.MonthPrinter", "05.MonthPrinter\05.MonthPrinter.csproj", "{D0B20444-AC24-4AB7-9FFF-DD7C82B9B1E6}"
EndProject
Project("{FAE04EC0-301F-11D3-BF4B-00C04F79EFBC}") = "06.ForeignLanguages", "06.ForeignLanguages\06.ForeignLanguages.csproj", "{C3DCABD7-30D5-453D-8FB0-C3C86EDD05E2}"
EndProject
Project("{FAE04EC0-301F-11D3-BF4B-00C04F79EFBC}") = "07.TheatrePromotions", "07.TheatrePromotions\07.TheatrePromotions.csproj", "{FC0A25A4-48C8-4DB9-A2C9-9FA55AB480C7}"
EndProject
Project("{FAE04EC0-301F-11D3-BF4B-00C04F79EFBC}") = "08.DivisibleBy3", "08.DivisibleBy3\08.DivisibleBy3.csproj", "{0F9D80D2-0454-45E1-B641-56CB3FA74175}"
EndProject
Project("{FAE04EC0-301F-11D3-BF4B-00C04F79EFBC}") = "09.SumOfOddNumbers", "09.SumOfOddNumbers\09.SumOfOddNumbers.csproj", "{380FD06B-16A4-4886-9C5A-6D4BD824D6CF}"
EndProject
Project("{FAE04EC0-301F-11D3-BF4B-00C04F79EFBC}") = "10. MultiplicationTable", "10. MultiplicationTable\10. MultiplicationTable.csproj", "{B8AA6AC3-A230-4379-9FB6-CF5B8ECCC1FB}"
EndProject
Project("{FAE04EC0-301F-11D3-BF4B-00C04F79EFBC}") = "11.MultiplicationTable2.0", "11.MultiplicationTable2.0\11.MultiplicationTable2.0.csproj", "{BA700B67-B6E2-45C8-A303-A4AFB2CF7A8C}"
EndProject
Project("{FAE04EC0-301F-11D3-BF4B-00C04F79EFBC}") = "12.EvenNumber", "12.EvenNumber\12.EvenNumber.csproj", "{B552A981-7F48-4858-980E-FE225D7D2F2F}"
EndProject
Project("{FAE04EC0-301F-11D3-BF4B-00C04F79EFBC}") = "13.HolidaysBetweenTwoDates", "13.HolidaysBetweenTwoDates\13.HolidaysBetweenTwoDates.csproj", "{A6519029-CD31-4E53-BE1E-753ACF7594D0}"
EndProject
Global
	GlobalSection(SolutionConfigurationPlatforms) = preSolution
		Debug|Any CPU = Debug|Any CPU
		Release|Any CPU = Release|Any CPU
	EndGlobalSection
	GlobalSection(ProjectConfigurationPlatforms) = postSolution
		{349CF6E9-1DA6-4477-A289-4670C4F0B547}.Debug|Any CPU.ActiveCfg = Debug|Any CPU
		{349CF6E9-1DA6-4477-A289-4670C4F0B547}.Debug|Any CPU.Build.0 = Debug|Any CPU
		{349CF6E9-1DA6-4477-A289-4670C4F0B547}.Release|Any CPU.ActiveCfg = Release|Any CPU
		{349CF6E9-1DA6-4477-A289-4670C4F0B547}.Release|Any CPU.Build.0 = Release|Any CPU
		{0C21D4DA-576A-468A-A357-24EF83DFED0D}.Debug|Any CPU.ActiveCfg = Debug|Any CPU
		{0C21D4DA-576A-468A-A357-24EF83DFED0D}.Debug|Any CPU.Build.0 = Debug|Any CPU
		{0C21D4DA-576A-468A-A357-24EF83DFED0D}.Release|Any CPU.ActiveCfg = Release|Any CPU
		{0C21D4DA-576A-468A-A357-24EF83DFED0D}.Release|Any CPU.Build.0 = Release|Any CPU
		{B020C1F0-0D8C-411F-AF1E-47CD89B2E83B}.Debug|Any CPU.ActiveCfg = Debug|Any CPU
		{B020C1F0-0D8C-411F-AF1E-47CD89B2E83B}.Debug|Any CPU.Build.0 = Debug|Any CPU
		{B020C1F0-0D8C-411F-AF1E-47CD89B2E83B}.Release|Any CPU.ActiveCfg = Release|Any CPU
		{B020C1F0-0D8C-411F-AF1E-47CD89B2E83B}.Release|Any CPU.Build.0 = Release|Any CPU
		{CAEEFE3D-0495-4BCC-BD65-BB34099281A7}.Debug|Any CPU.ActiveCfg = Debug|Any CPU
		{CAEEFE3D-0495-4BCC-BD65-BB34099281A7}.Debug|Any CPU.Build.0 = Debug|Any CPU
		{CAEEFE3D-0495-4BCC-BD65-BB34099281A7}.Release|Any CPU.ActiveCfg = Release|Any CPU
		{CAEEFE3D-0495-4BCC-BD65-BB34099281A7}.Release|Any CPU.Build.0 = Release|Any CPU
		{D0B20444-AC24-4AB7-9FFF-DD7C82B9B1E6}.Debug|Any CPU.ActiveCfg = Debug|Any CPU
		{D0B20444-AC24-4AB7-9FFF-DD7C82B9B1E6}.Debug|Any CPU.Build.0 = Debug|Any CPU
		{D0B20444-AC24-4AB7-9FFF-DD7C82B9B1E6}.Release|Any CPU.ActiveCfg = Release|Any CPU
		{D0B20444-AC24-4AB7-9FFF-DD7C82B9B1E6}.Release|Any CPU.Build.0 = Release|Any CPU
		{C3DCABD7-30D5-453D-8FB0-C3C86EDD05E2}.Debug|Any CPU.ActiveCfg = Debug|Any CPU
		{C3DCABD7-30D5-453D-8FB0-C3C86EDD05E2}.Debug|Any CPU.Build.0 = Debug|Any CPU
		{C3DCABD7-30D5-453D-8FB0-C3C86EDD05E2}.Release|Any CPU.ActiveCfg = Release|Any CPU
		{C3DCABD7-30D5-453D-8FB0-C3C86EDD05E2}.Release|Any CPU.Build.0 = Release|Any CPU
		{FC0A25A4-48C8-4DB9-A2C9-9FA55AB480C7}.Debug|Any CPU.ActiveCfg = Debug|Any CPU
		{FC0A25A4-48C8-4DB9-A2C9-9FA55AB480C7}.Debug|Any CPU.Build.0 = Debug|Any CPU
		{FC0A25A4-48C8-4DB9-A2C9-9FA55AB480C7}.Release|Any CPU.ActiveCfg = Release|Any CPU
		{FC0A25A4-48C8-4DB9-A2C9-9FA55AB480C7}.Release|Any CPU.Build.0 = Release|Any CPU
		{0F9D80D2-0454-45E1-B641-56CB3FA74175}.Debug|Any CPU.ActiveCfg = Debug|Any CPU
		{0F9D80D2-0454-45E1-B641-56CB3FA74175}.Debug|Any CPU.Build.0 = Debug|Any CPU
		{0F9D80D2-0454-45E1-B641-56CB3FA74175}.Release|Any CPU.ActiveCfg = Release|Any CPU
		{0F9D80D2-0454-45E1-B641-56CB3FA74175}.Release|Any CPU.Build.0 = Release|Any CPU
		{380FD06B-16A4-4886-9C5A-6D4BD824D6CF}.Debug|Any CPU.ActiveCfg = Debug|Any CPU
		{380FD06B-16A4-4886-9C5A-6D4BD824D6CF}.Debug|Any CPU.Build.0 = Debug|Any CPU
		{380FD06B-16A4-4886-9C5A-6D4BD824D6CF}.Release|Any CPU.ActiveCfg = Release|Any CPU
		{380FD06B-16A4-4886-9C5A-6D4BD824D6CF}.Release|Any CPU.Build.0 = Release|Any CPU
		{B8AA6AC3-A230-4379-9FB6-CF5B8ECCC1FB}.Debug|Any CPU.ActiveCfg = Debug|Any CPU
		{B8AA6AC3-A230-4379-9FB6-CF5B8ECCC1FB}.Debug|Any CPU.Build.0 = Debug|Any CPU
		{B8AA6AC3-A230-4379-9FB6-CF5B8ECCC1FB}.Release|Any CPU.ActiveCfg = Release|Any CPU
		{B8AA6AC3-A230-4379-9FB6-CF5B8ECCC1FB}.Release|Any CPU.Build.0 = Release|Any CPU
		{BA700B67-B6E2-45C8-A303-A4AFB2CF7A8C}.Debug|Any CPU.ActiveCfg = Debug|Any CPU
		{BA700B67-B6E2-45C8-A303-A4AFB2CF7A8C}.Debug|Any CPU.Build.0 = Debug|Any CPU
		{BA700B67-B6E2-45C8-A303-A4AFB2CF7A8C}.Release|Any CPU.ActiveCfg = Release|Any CPU
		{BA700B67-B6E2-45C8-A303-A4AFB2CF7A8C}.Release|Any CPU.Build.0 = Release|Any CPU
		{B552A981-7F48-4858-980E-FE225D7D2F2F}.Debug|Any CPU.ActiveCfg = Debug|Any CPU
		{B552A981-7F48-4858-980E-FE225D7D2F2F}.Debug|Any CPU.Build.0 = Debug|Any CPU
		{B552A981-7F48-4858-980E-FE225D7D2F2F}.Release|Any CPU.ActiveCfg = Release|Any CPU
		{B552A981-7F48-4858-980E-FE225D7D2F2F}.Release|Any CPU.Build.0 = Release|Any CPU
		{A6519029-CD31-4E53-BE1E-753ACF7594D0}.Debug|Any CPU.ActiveCfg = Debug|Any CPU
		{A6519029-CD31-4E53-BE1E-753ACF7594D0}.Debug|Any CPU.Build.0 = Debug|Any CPU
		{A6519029-CD31-4E53-BE1E-753ACF7594D0}.Release|Any CPU.ActiveCfg = Release|Any CPU
		{A6519029-CD31-4E53-BE1E-753ACF7594D0}.Release|Any CPU.Build.0 = Release|Any CPU
	EndGlobalSection
	GlobalSection(SolutionProperties) = preSolution
		HideSolutionNode = FALSE
	EndGlobalSection
	GlobalSection(ExtensibilityGlobals) = postSolution
		SolutionGuid = {FA70BEA4-A15E-46FE-8D36-800C07E9A5DE}
	EndGlobalSection
EndGlobal
