
Microsoft Visual Studio Solution File, Format Version 12.00
# Visual Studio Version 16
VisualStudioVersion = 16.0.29806.167
MinimumVisualStudioVersion = 10.0.40219.1
Project("{9A19103F-16F7-4668-BE54-9A1E7A4F7556}") = "01. Basic Stack Operations", "1. Basic Stack Operations\01. Basic Stack Operations.csproj", "{CEF3AAA1-C964-4827-9F4E-06999E6EAA33}"
EndProject
Project("{9A19103F-16F7-4668-BE54-9A1E7A4F7556}") = "02. Basic Queue Operations", "02. Basic Queue Operations\02. Basic Queue Operations.csproj", "{2A44FD42-5C37-44A1-979C-B2D7173C34ED}"
EndProject
Project("{9A19103F-16F7-4668-BE54-9A1E7A4F7556}") = "03. Maximum and Minimum Element", "03. Maximum and Minimum Element\03. Maximum and Minimum Element.csproj", "{764A1A04-8FCE-42B6-8E75-1B0AE286ABE6}"
EndProject
Project("{9A19103F-16F7-4668-BE54-9A1E7A4F7556}") = "04. Fast Food", "04. Fast Food\04. Fast Food.csproj", "{67AA7C6C-7D89-474C-8AE0-36FB85C52214}"
EndProject
Project("{9A19103F-16F7-4668-BE54-9A1E7A4F7556}") = "05. Fashion Boutique", "05. Fashion Boutique\05. Fashion Boutique.csproj", "{D808895B-FDF9-4193-A4EC-6B3D71BB6B37}"
EndProject
Project("{9A19103F-16F7-4668-BE54-9A1E7A4F7556}") = "06. Songs Queue", "06. Songs Queue\06. Songs Queue.csproj", "{025D883E-0A6C-4F8C-A4A5-E7389AEC8924}"
EndProject
Project("{9A19103F-16F7-4668-BE54-9A1E7A4F7556}") = "07. Truck Tour", "07. Truck Tour\07. Truck Tour.csproj", "{A23BBF05-DDF4-4447-8DA0-6D8CE4755B20}"
EndProject
Project("{9A19103F-16F7-4668-BE54-9A1E7A4F7556}") = "08. Balanced Parenthesis", "08. Balanced Parenthesis\08. Balanced Parenthesis.csproj", "{EB08D464-FB9E-42EF-AFE4-D88192BE65FD}"
EndProject
Project("{9A19103F-16F7-4668-BE54-9A1E7A4F7556}") = "09. Simple Text Editor", "09. Simple Text Editor\09. Simple Text Editor.csproj", "{B98DE106-FDD8-4AF8-BD70-53FA88E249B8}"
EndProject
Project("{9A19103F-16F7-4668-BE54-9A1E7A4F7556}") = "06. Songs Queue v.2", "06. Songs Queue v.2\06. Songs Queue v.2.csproj", "{4464ECC1-9573-4A8D-9364-644D233D990C}"
EndProject
Project("{9A19103F-16F7-4668-BE54-9A1E7A4F7556}") = "12. Cups and Bottles", "12. Cups and Bottles\12. Cups and Bottles.csproj", "{B25EBBC5-EB94-41A4-9E50-340F749A695B}"
EndProject
Project("{FAE04EC0-301F-11D3-BF4B-00C04F79EFBC}") = "10. Crossroads", "10. Crossroads\10. Crossroads.csproj", "{D7040F96-88C4-4AA3-8FB0-80124B9D0FCC}"
EndProject
Project("{FAE04EC0-301F-11D3-BF4B-00C04F79EFBC}") = "11. Key Revolver", "11. Key Revolver\11. Key Revolver.csproj", "{B741903B-1FD3-4BA4-9EB5-2FD967CEA823}"
EndProject
Global
	GlobalSection(SolutionConfigurationPlatforms) = preSolution
		Debug|Any CPU = Debug|Any CPU
		Release|Any CPU = Release|Any CPU
	EndGlobalSection
	GlobalSection(ProjectConfigurationPlatforms) = postSolution
		{CEF3AAA1-C964-4827-9F4E-06999E6EAA33}.Debug|Any CPU.ActiveCfg = Debug|Any CPU
		{CEF3AAA1-C964-4827-9F4E-06999E6EAA33}.Debug|Any CPU.Build.0 = Debug|Any CPU
		{CEF3AAA1-C964-4827-9F4E-06999E6EAA33}.Release|Any CPU.ActiveCfg = Release|Any CPU
		{CEF3AAA1-C964-4827-9F4E-06999E6EAA33}.Release|Any CPU.Build.0 = Release|Any CPU
		{2A44FD42-5C37-44A1-979C-B2D7173C34ED}.Debug|Any CPU.ActiveCfg = Debug|Any CPU
		{2A44FD42-5C37-44A1-979C-B2D7173C34ED}.Debug|Any CPU.Build.0 = Debug|Any CPU
		{2A44FD42-5C37-44A1-979C-B2D7173C34ED}.Release|Any CPU.ActiveCfg = Release|Any CPU
		{2A44FD42-5C37-44A1-979C-B2D7173C34ED}.Release|Any CPU.Build.0 = Release|Any CPU
		{764A1A04-8FCE-42B6-8E75-1B0AE286ABE6}.Debug|Any CPU.ActiveCfg = Debug|Any CPU
		{764A1A04-8FCE-42B6-8E75-1B0AE286ABE6}.Debug|Any CPU.Build.0 = Debug|Any CPU
		{764A1A04-8FCE-42B6-8E75-1B0AE286ABE6}.Release|Any CPU.ActiveCfg = Release|Any CPU
		{764A1A04-8FCE-42B6-8E75-1B0AE286ABE6}.Release|Any CPU.Build.0 = Release|Any CPU
		{67AA7C6C-7D89-474C-8AE0-36FB85C52214}.Debug|Any CPU.ActiveCfg = Debug|Any CPU
		{67AA7C6C-7D89-474C-8AE0-36FB85C52214}.Debug|Any CPU.Build.0 = Debug|Any CPU
		{67AA7C6C-7D89-474C-8AE0-36FB85C52214}.Release|Any CPU.ActiveCfg = Release|Any CPU
		{67AA7C6C-7D89-474C-8AE0-36FB85C52214}.Release|Any CPU.Build.0 = Release|Any CPU
		{D808895B-FDF9-4193-A4EC-6B3D71BB6B37}.Debug|Any CPU.ActiveCfg = Debug|Any CPU
		{D808895B-FDF9-4193-A4EC-6B3D71BB6B37}.Debug|Any CPU.Build.0 = Debug|Any CPU
		{D808895B-FDF9-4193-A4EC-6B3D71BB6B37}.Release|Any CPU.ActiveCfg = Release|Any CPU
		{D808895B-FDF9-4193-A4EC-6B3D71BB6B37}.Release|Any CPU.Build.0 = Release|Any CPU
		{025D883E-0A6C-4F8C-A4A5-E7389AEC8924}.Debug|Any CPU.ActiveCfg = Debug|Any CPU
		{025D883E-0A6C-4F8C-A4A5-E7389AEC8924}.Debug|Any CPU.Build.0 = Debug|Any CPU
		{025D883E-0A6C-4F8C-A4A5-E7389AEC8924}.Release|Any CPU.ActiveCfg = Release|Any CPU
		{025D883E-0A6C-4F8C-A4A5-E7389AEC8924}.Release|Any CPU.Build.0 = Release|Any CPU
		{A23BBF05-DDF4-4447-8DA0-6D8CE4755B20}.Debug|Any CPU.ActiveCfg = Debug|Any CPU
		{A23BBF05-DDF4-4447-8DA0-6D8CE4755B20}.Debug|Any CPU.Build.0 = Debug|Any CPU
		{A23BBF05-DDF4-4447-8DA0-6D8CE4755B20}.Release|Any CPU.ActiveCfg = Release|Any CPU
		{A23BBF05-DDF4-4447-8DA0-6D8CE4755B20}.Release|Any CPU.Build.0 = Release|Any CPU
		{EB08D464-FB9E-42EF-AFE4-D88192BE65FD}.Debug|Any CPU.ActiveCfg = Debug|Any CPU
		{EB08D464-FB9E-42EF-AFE4-D88192BE65FD}.Debug|Any CPU.Build.0 = Debug|Any CPU
		{EB08D464-FB9E-42EF-AFE4-D88192BE65FD}.Release|Any CPU.ActiveCfg = Release|Any CPU
		{EB08D464-FB9E-42EF-AFE4-D88192BE65FD}.Release|Any CPU.Build.0 = Release|Any CPU
		{B98DE106-FDD8-4AF8-BD70-53FA88E249B8}.Debug|Any CPU.ActiveCfg = Debug|Any CPU
		{B98DE106-FDD8-4AF8-BD70-53FA88E249B8}.Debug|Any CPU.Build.0 = Debug|Any CPU
		{B98DE106-FDD8-4AF8-BD70-53FA88E249B8}.Release|Any CPU.ActiveCfg = Release|Any CPU
		{B98DE106-FDD8-4AF8-BD70-53FA88E249B8}.Release|Any CPU.Build.0 = Release|Any CPU
		{4464ECC1-9573-4A8D-9364-644D233D990C}.Debug|Any CPU.ActiveCfg = Debug|Any CPU
		{4464ECC1-9573-4A8D-9364-644D233D990C}.Debug|Any CPU.Build.0 = Debug|Any CPU
		{4464ECC1-9573-4A8D-9364-644D233D990C}.Release|Any CPU.ActiveCfg = Release|Any CPU
		{4464ECC1-9573-4A8D-9364-644D233D990C}.Release|Any CPU.Build.0 = Release|Any CPU
		{B25EBBC5-EB94-41A4-9E50-340F749A695B}.Debug|Any CPU.ActiveCfg = Debug|Any CPU
		{B25EBBC5-EB94-41A4-9E50-340F749A695B}.Debug|Any CPU.Build.0 = Debug|Any CPU
		{B25EBBC5-EB94-41A4-9E50-340F749A695B}.Release|Any CPU.ActiveCfg = Release|Any CPU
		{B25EBBC5-EB94-41A4-9E50-340F749A695B}.Release|Any CPU.Build.0 = Release|Any CPU
		{D7040F96-88C4-4AA3-8FB0-80124B9D0FCC}.Debug|Any CPU.ActiveCfg = Debug|Any CPU
		{D7040F96-88C4-4AA3-8FB0-80124B9D0FCC}.Debug|Any CPU.Build.0 = Debug|Any CPU
		{D7040F96-88C4-4AA3-8FB0-80124B9D0FCC}.Release|Any CPU.ActiveCfg = Release|Any CPU
		{D7040F96-88C4-4AA3-8FB0-80124B9D0FCC}.Release|Any CPU.Build.0 = Release|Any CPU
		{B741903B-1FD3-4BA4-9EB5-2FD967CEA823}.Debug|Any CPU.ActiveCfg = Debug|Any CPU
		{B741903B-1FD3-4BA4-9EB5-2FD967CEA823}.Debug|Any CPU.Build.0 = Debug|Any CPU
		{B741903B-1FD3-4BA4-9EB5-2FD967CEA823}.Release|Any CPU.ActiveCfg = Release|Any CPU
		{B741903B-1FD3-4BA4-9EB5-2FD967CEA823}.Release|Any CPU.Build.0 = Release|Any CPU
	EndGlobalSection
	GlobalSection(SolutionProperties) = preSolution
		HideSolutionNode = FALSE
	EndGlobalSection
	GlobalSection(ExtensibilityGlobals) = postSolution
		SolutionGuid = {AB16FBB9-B8F9-4FE2-9460-98197BE3043D}
	EndGlobalSection
EndGlobal
