
Microsoft Visual Studio Solution File, Format Version 12.00
# Visual Studio Version 16
VisualStudioVersion = 16.0.32407.337
MinimumVisualStudioVersion = 10.0.40219.1
Project("{9A19103F-16F7-4668-BE54-9A1E7A4F7556}") = "01.StudentInformation", "01.StudentInformation\01.StudentInformation.csproj", "{EC671626-4A0C-4CC6-ACDD-C04E5A7134FC}"
EndProject
Project("{9A19103F-16F7-4668-BE54-9A1E7A4F7556}") = "02.Passed", "02.Passed\02.Passed.csproj", "{DF8344EB-857F-43C4-9AF6-934FA736DD88}"
EndProject
Project("{FAE04EC0-301F-11D3-BF4B-00C04F79EFBC}") = "03.PassedOrFailed", "03.PassedOrFailed\03.PassedOrFailed.csproj", "{78500AB8-7285-4E3B-AA16-5A50CA40606E}"
EndProject
Project("{FAE04EC0-301F-11D3-BF4B-00C04F79EFBC}") = "04.BackIn30Minutes", "04.BackIn30Minutes\04.BackIn30Minutes.csproj", "{3168DD1A-E89F-4875-9D4C-065CEDA4E0AF}"
EndProject
Project("{FAE04EC0-301F-11D3-BF4B-00C04F79EFBC}") = "05.MonthPrinter", "05.MonthPrinter\05.MonthPrinter.csproj", "{00EDD03C-3056-4501-B913-2BE9BAE59696}"
EndProject
Project("{FAE04EC0-301F-11D3-BF4B-00C04F79EFBC}") = "07.TheatrePromotion", "07.TheatrePromotion\07.TheatrePromotion.csproj", "{7944096E-2646-45D2-B86D-0FEACF9EB07F}"
EndProject
Project("{FAE04EC0-301F-11D3-BF4B-00C04F79EFBC}") = "08.DivisibleBy3", "08.DivisibleBy3\08.DivisibleBy3.csproj", "{FA100E99-C776-44C8-8E93-E7DF9ABA0724}"
EndProject
Project("{FAE04EC0-301F-11D3-BF4B-00C04F79EFBC}") = "06.ForeignLanguages", "06.ForeignLanguages\06.ForeignLanguages.csproj", "{50F06B4D-1265-4EE5-81CA-61D76F4D3FB3}"
EndProject
Project("{FAE04EC0-301F-11D3-BF4B-00C04F79EFBC}") = "09.SumOfOddNumbers", "09.SumOfOddNumbers\09.SumOfOddNumbers.csproj", "{FE5A8F8F-EA93-4BD2-8B61-EB5E8D6E07AF}"
EndProject
Global
	GlobalSection(SolutionConfigurationPlatforms) = preSolution
		Debug|Any CPU = Debug|Any CPU
		Release|Any CPU = Release|Any CPU
	EndGlobalSection
	GlobalSection(ProjectConfigurationPlatforms) = postSolution
		{EC671626-4A0C-4CC6-ACDD-C04E5A7134FC}.Debug|Any CPU.ActiveCfg = Debug|Any CPU
		{EC671626-4A0C-4CC6-ACDD-C04E5A7134FC}.Debug|Any CPU.Build.0 = Debug|Any CPU
		{EC671626-4A0C-4CC6-ACDD-C04E5A7134FC}.Release|Any CPU.ActiveCfg = Release|Any CPU
		{EC671626-4A0C-4CC6-ACDD-C04E5A7134FC}.Release|Any CPU.Build.0 = Release|Any CPU
		{DF8344EB-857F-43C4-9AF6-934FA736DD88}.Debug|Any CPU.ActiveCfg = Debug|Any CPU
		{DF8344EB-857F-43C4-9AF6-934FA736DD88}.Debug|Any CPU.Build.0 = Debug|Any CPU
		{DF8344EB-857F-43C4-9AF6-934FA736DD88}.Release|Any CPU.ActiveCfg = Release|Any CPU
		{DF8344EB-857F-43C4-9AF6-934FA736DD88}.Release|Any CPU.Build.0 = Release|Any CPU
		{78500AB8-7285-4E3B-AA16-5A50CA40606E}.Debug|Any CPU.ActiveCfg = Debug|Any CPU
		{78500AB8-7285-4E3B-AA16-5A50CA40606E}.Debug|Any CPU.Build.0 = Debug|Any CPU
		{78500AB8-7285-4E3B-AA16-5A50CA40606E}.Release|Any CPU.ActiveCfg = Release|Any CPU
		{78500AB8-7285-4E3B-AA16-5A50CA40606E}.Release|Any CPU.Build.0 = Release|Any CPU
		{3168DD1A-E89F-4875-9D4C-065CEDA4E0AF}.Debug|Any CPU.ActiveCfg = Debug|Any CPU
		{3168DD1A-E89F-4875-9D4C-065CEDA4E0AF}.Debug|Any CPU.Build.0 = Debug|Any CPU
		{3168DD1A-E89F-4875-9D4C-065CEDA4E0AF}.Release|Any CPU.ActiveCfg = Release|Any CPU
		{3168DD1A-E89F-4875-9D4C-065CEDA4E0AF}.Release|Any CPU.Build.0 = Release|Any CPU
		{00EDD03C-3056-4501-B913-2BE9BAE59696}.Debug|Any CPU.ActiveCfg = Debug|Any CPU
		{00EDD03C-3056-4501-B913-2BE9BAE59696}.Debug|Any CPU.Build.0 = Debug|Any CPU
		{00EDD03C-3056-4501-B913-2BE9BAE59696}.Release|Any CPU.ActiveCfg = Release|Any CPU
		{00EDD03C-3056-4501-B913-2BE9BAE59696}.Release|Any CPU.Build.0 = Release|Any CPU
		{7944096E-2646-45D2-B86D-0FEACF9EB07F}.Debug|Any CPU.ActiveCfg = Debug|Any CPU
		{7944096E-2646-45D2-B86D-0FEACF9EB07F}.Debug|Any CPU.Build.0 = Debug|Any CPU
		{7944096E-2646-45D2-B86D-0FEACF9EB07F}.Release|Any CPU.ActiveCfg = Release|Any CPU
		{7944096E-2646-45D2-B86D-0FEACF9EB07F}.Release|Any CPU.Build.0 = Release|Any CPU
		{FA100E99-C776-44C8-8E93-E7DF9ABA0724}.Debug|Any CPU.ActiveCfg = Debug|Any CPU
		{FA100E99-C776-44C8-8E93-E7DF9ABA0724}.Debug|Any CPU.Build.0 = Debug|Any CPU
		{FA100E99-C776-44C8-8E93-E7DF9ABA0724}.Release|Any CPU.ActiveCfg = Release|Any CPU
		{FA100E99-C776-44C8-8E93-E7DF9ABA0724}.Release|Any CPU.Build.0 = Release|Any CPU
		{50F06B4D-1265-4EE5-81CA-61D76F4D3FB3}.Debug|Any CPU.ActiveCfg = Debug|Any CPU
		{50F06B4D-1265-4EE5-81CA-61D76F4D3FB3}.Debug|Any CPU.Build.0 = Debug|Any CPU
		{50F06B4D-1265-4EE5-81CA-61D76F4D3FB3}.Release|Any CPU.ActiveCfg = Release|Any CPU
		{50F06B4D-1265-4EE5-81CA-61D76F4D3FB3}.Release|Any CPU.Build.0 = Release|Any CPU
		{FE5A8F8F-EA93-4BD2-8B61-EB5E8D6E07AF}.Debug|Any CPU.ActiveCfg = Debug|Any CPU
		{FE5A8F8F-EA93-4BD2-8B61-EB5E8D6E07AF}.Debug|Any CPU.Build.0 = Debug|Any CPU
		{FE5A8F8F-EA93-4BD2-8B61-EB5E8D6E07AF}.Release|Any CPU.ActiveCfg = Release|Any CPU
		{FE5A8F8F-EA93-4BD2-8B61-EB5E8D6E07AF}.Release|Any CPU.Build.0 = Release|Any CPU
	EndGlobalSection
	GlobalSection(SolutionProperties) = preSolution
		HideSolutionNode = FALSE
	EndGlobalSection
	GlobalSection(ExtensibilityGlobals) = postSolution
		SolutionGuid = {639E16AD-F9A4-4298-A55D-5666C712A261}
	EndGlobalSection
EndGlobal
